// !$*UTF8*$!
{
	archiveVersion = 1;
	classes = {
	};
	objectVersion = 46;
	objects = {

/* Begin PBXBuildFile section */
		121BCA531CAC9F5900C2472A /* AppDelegate.swift in Sources */ = {isa = PBXBuildFile; fileRef = 121BCA521CAC9F5900C2472A /* AppDelegate.swift */; };
		121BCA551CAC9F5900C2472A /* ViewController.swift in Sources */ = {isa = PBXBuildFile; fileRef = 121BCA541CAC9F5900C2472A /* ViewController.swift */; };
		121BCA581CAC9F5900C2472A /* Main.storyboard in Resources */ = {isa = PBXBuildFile; fileRef = 121BCA561CAC9F5900C2472A /* Main.storyboard */; };
		121BCA5A1CAC9F5900C2472A /* Assets.xcassets in Resources */ = {isa = PBXBuildFile; fileRef = 121BCA591CAC9F5900C2472A /* Assets.xcassets */; };
		121BCA5D1CAC9F5900C2472A /* LaunchScreen.storyboard in Resources */ = {isa = PBXBuildFile; fileRef = 121BCA5B1CAC9F5900C2472A /* LaunchScreen.storyboard */; };
		121BCA681CAC9F5900C2472A /* iPadTests.swift in Sources */ = {isa = PBXBuildFile; fileRef = 121BCA671CAC9F5900C2472A /* iPadTests.swift */; };
		121BCA731CAC9F5900C2472A /* iPadUITests.swift in Sources */ = {isa = PBXBuildFile; fileRef = 121BCA721CAC9F5900C2472A /* iPadUITests.swift */; };
/* End PBXBuildFile section */

/* Begin PBXContainerItemProxy section */
		121BCA641CAC9F5900C2472A /* PBXContainerItemProxy */ = {
			isa = PBXContainerItemProxy;
			containerPortal = 121BCA471CAC9F5800C2472A /* Project object */;
			proxyType = 1;
			remoteGlobalIDString = 121BCA4E1CAC9F5900C2472A;
			remoteInfo = iPad;
		};
		121BCA6F1CAC9F5900C2472A /* PBXContainerItemProxy */ = {
			isa = PBXContainerItemProxy;
			containerPortal = 121BCA471CAC9F5800C2472A /* Project object */;
			proxyType = 1;
			remoteGlobalIDString = 121BCA4E1CAC9F5900C2472A;
			remoteInfo = iPad;
		};
/* End PBXContainerItemProxy section */

/* Begin PBXFileReference section */
		121BCA4F1CAC9F5900C2472A /* iPad.app */ = {isa = PBXFileReference; explicitFileType = wrapper.application; includeInIndex = 0; path = iPad.app; sourceTree = BUILT_PRODUCTS_DIR; };
		121BCA521CAC9F5900C2472A /* AppDelegate.swift */ = {isa = PBXFileReference; lastKnownFileType = sourcecode.swift; path = AppDelegate.swift; sourceTree = "<group>"; };
		121BCA541CAC9F5900C2472A /* ViewController.swift */ = {isa = PBXFileReference; lastKnownFileType = sourcecode.swift; path = ViewController.swift; sourceTree = "<group>"; };
		121BCA571CAC9F5900C2472A /* Base */ = {isa = PBXFileReference; lastKnownFileType = file.storyboard; name = Base; path = Base.lproj/Main.storyboard; sourceTree = "<group>"; };
		121BCA591CAC9F5900C2472A /* Assets.xcassets */ = {isa = PBXFileReference; lastKnownFileType = folder.assetcatalog; path = Assets.xcassets; sourceTree = "<group>"; };
		121BCA5C1CAC9F5900C2472A /* Base */ = {isa = PBXFileReference; lastKnownFileType = file.storyboard; name = Base; path = Base.lproj/LaunchScreen.storyboard; sourceTree = "<group>"; };
		121BCA5E1CAC9F5900C2472A /* Info.plist */ = {isa = PBXFileReference; lastKnownFileType = text.plist.xml; path = Info.plist; sourceTree = "<group>"; };
		121BCA631CAC9F5900C2472A /* iPadTests.xctest */ = {isa = PBXFileReference; explicitFileType = wrapper.cfbundle; includeInIndex = 0; path = iPadTests.xctest; sourceTree = BUILT_PRODUCTS_DIR; };
		121BCA671CAC9F5900C2472A /* iPadTests.swift */ = {isa = PBXFileReference; lastKnownFileType = sourcecode.swift; path = iPadTests.swift; sourceTree = "<group>"; };
		121BCA691CAC9F5900C2472A /* Info.plist */ = {isa = PBXFileReference; lastKnownFileType = text.plist.xml; path = Info.plist; sourceTree = "<group>"; };
		121BCA6E1CAC9F5900C2472A /* iPadUITests.xctest */ = {isa = PBXFileReference; explicitFileType = wrapper.cfbundle; includeInIndex = 0; path = iPadUITests.xctest; sourceTree = BUILT_PRODUCTS_DIR; };
		121BCA721CAC9F5900C2472A /* iPadUITests.swift */ = {isa = PBXFileReference; lastKnownFileType = sourcecode.swift; path = iPadUITests.swift; sourceTree = "<group>"; };
		121BCA741CAC9F5900C2472A /* Info.plist */ = {isa = PBXFileReference; lastKnownFileType = text.plist.xml; path = Info.plist; sourceTree = "<group>"; };
/* End PBXFileReference section */

/* Begin PBXFrameworksBuildPhase section */
		121BCA4C1CAC9F5900C2472A /* Frameworks */ = {
			isa = PBXFrameworksBuildPhase;
			buildActionMask = 2147483647;
			files = (
			);
			runOnlyForDeploymentPostprocessing = 0;
		};
		121BCA601CAC9F5900C2472A /* Frameworks */ = {
			isa = PBXFrameworksBuildPhase;
			buildActionMask = 2147483647;
			files = (
			);
			runOnlyForDeploymentPostprocessing = 0;
		};
		121BCA6B1CAC9F5900C2472A /* Frameworks */ = {
			isa = PBXFrameworksBuildPhase;
			buildActionMask = 2147483647;
			files = (
			);
			runOnlyForDeploymentPostprocessing = 0;
		};
/* End PBXFrameworksBuildPhase section */

/* Begin PBXGroup section */
		121BCA461CAC9F5800C2472A = {
			isa = PBXGroup;
			children = (
				121BCA511CAC9F5900C2472A /* iPad */,
				121BCA661CAC9F5900C2472A /* iPadTests */,
				121BCA711CAC9F5900C2472A /* iPadUITests */,
				121BCA501CAC9F5900C2472A /* Products */,
			);
			sourceTree = "<group>";
		};
		121BCA501CAC9F5900C2472A /* Products */ = {
			isa = PBXGroup;
			children = (
				121BCA4F1CAC9F5900C2472A /* iPad.app */,
				121BCA631CAC9F5900C2472A /* iPadTests.xctest */,
				121BCA6E1CAC9F5900C2472A /* iPadUITests.xctest */,
			);
			name = Products;
			sourceTree = "<group>";
		};
		121BCA511CAC9F5900C2472A /* iPad */ = {
			isa = PBXGroup;
			children = (
				121BCA521CAC9F5900C2472A /* AppDelegate.swift */,
				121BCA541CAC9F5900C2472A /* ViewController.swift */,
				121BCA561CAC9F5900C2472A /* Main.storyboard */,
				121BCA591CAC9F5900C2472A /* Assets.xcassets */,
				121BCA5B1CAC9F5900C2472A /* LaunchScreen.storyboard */,
				121BCA5E1CAC9F5900C2472A /* Info.plist */,
			);
			path = iPad;
			sourceTree = "<group>";
		};
		121BCA661CAC9F5900C2472A /* iPadTests */ = {
			isa = PBXGroup;
			children = (
				121BCA671CAC9F5900C2472A /* iPadTests.swift */,
				121BCA691CAC9F5900C2472A /* Info.plist */,
			);
			path = iPadTests;
			sourceTree = "<group>";
		};
		121BCA711CAC9F5900C2472A /* iPadUITests */ = {
			isa = PBXGroup;
			children = (
				121BCA721CAC9F5900C2472A /* iPadUITests.swift */,
				121BCA741CAC9F5900C2472A /* Info.plist */,
			);
			path = iPadUITests;
			sourceTree = "<group>";
		};
/* End PBXGroup section */

/* Begin PBXNativeTarget section */
		121BCA4E1CAC9F5900C2472A /* iPad */ = {
			isa = PBXNativeTarget;
			buildConfigurationList = 121BCA771CAC9F5900C2472A /* Build configuration list for PBXNativeTarget "iPad" */;
			buildPhases = (
				121BCA4B1CAC9F5900C2472A /* Sources */,
				121BCA4C1CAC9F5900C2472A /* Frameworks */,
				121BCA4D1CAC9F5900C2472A /* Resources */,
			);
			buildRules = (
			);
			dependencies = (
			);
			name = iPad;
			productName = iPad;
			productReference = 121BCA4F1CAC9F5900C2472A /* iPad.app */;
			productType = "com.apple.product-type.application";
		};
		121BCA621CAC9F5900C2472A /* iPadTests */ = {
			isa = PBXNativeTarget;
			buildConfigurationList = 121BCA7A1CAC9F5900C2472A /* Build configuration list for PBXNativeTarget "iPadTests" */;
			buildPhases = (
				121BCA5F1CAC9F5900C2472A /* Sources */,
				121BCA601CAC9F5900C2472A /* Frameworks */,
				121BCA611CAC9F5900C2472A /* Resources */,
			);
			buildRules = (
			);
			dependencies = (
				121BCA651CAC9F5900C2472A /* PBXTargetDependency */,
			);
			name = iPadTests;
			productName = iPadTests;
			productReference = 121BCA631CAC9F5900C2472A /* iPadTests.xctest */;
			productType = "com.apple.product-type.bundle.unit-test";
		};
		121BCA6D1CAC9F5900C2472A /* iPadUITests */ = {
			isa = PBXNativeTarget;
			buildConfigurationList = 121BCA7D1CAC9F5900C2472A /* Build configuration list for PBXNativeTarget "iPadUITests" */;
			buildPhases = (
				121BCA6A1CAC9F5900C2472A /* Sources */,
				121BCA6B1CAC9F5900C2472A /* Frameworks */,
				121BCA6C1CAC9F5900C2472A /* Resources */,
			);
			buildRules = (
			);
			dependencies = (
				121BCA701CAC9F5900C2472A /* PBXTargetDependency */,
			);
			name = iPadUITests;
			productName = iPadUITests;
			productReference = 121BCA6E1CAC9F5900C2472A /* iPadUITests.xctest */;
			productType = "com.apple.product-type.bundle.ui-testing";
		};
/* End PBXNativeTarget section */

/* Begin PBXProject section */
		121BCA471CAC9F5800C2472A /* Project object */ = {
			isa = PBXProject;
			attributes = {
				LastSwiftUpdateCheck = 0720;
				LastUpgradeCheck = 0720;
				ORGANIZATIONNAME = "Yusuke Nakamura";
				TargetAttributes = {
					121BCA4E1CAC9F5900C2472A = {
						CreatedOnToolsVersion = 7.2.1;
					};
					121BCA621CAC9F5900C2472A = {
						CreatedOnToolsVersion = 7.2.1;
						TestTargetID = 121BCA4E1CAC9F5900C2472A;
					};
					121BCA6D1CAC9F5900C2472A = {
						CreatedOnToolsVersion = 7.2.1;
						TestTargetID = 121BCA4E1CAC9F5900C2472A;
					};
				};
			};
			buildConfigurationList = 121BCA4A1CAC9F5800C2472A /* Build configuration list for PBXProject "iPad" */;
			compatibilityVersion = "Xcode 3.2";
			developmentRegion = English;
			hasScannedForEncodings = 0;
			knownRegions = (
				en,
				Base,
			);
			mainGroup = 121BCA461CAC9F5800C2472A;
			productRefGroup = 121BCA501CAC9F5900C2472A /* Products */;
			projectDirPath = "";
			projectRoot = "";
			targets = (
				121BCA4E1CAC9F5900C2472A /* iPad */,
				121BCA621CAC9F5900C2472A /* iPadTests */,
				121BCA6D1CAC9F5900C2472A /* iPadUITests */,
			);
		};
/* End PBXProject section */

/* Begin PBXResourcesBuildPhase section */
		121BCA4D1CAC9F5900C2472A /* Resources */ = {
			isa = PBXResourcesBuildPhase;
			buildActionMask = 2147483647;
			files = (
				121BCA5D1CAC9F5900C2472A /* LaunchScreen.storyboard in Resources */,
				121BCA5A1CAC9F5900C2472A /* Assets.xcassets in Resources */,
				121BCA581CAC9F5900C2472A /* Main.storyboard in Resources */,
			);
			runOnlyForDeploymentPostprocessing = 0;
		};
		121BCA611CAC9F5900C2472A /* Resources */ = {
			isa = PBXResourcesBuildPhase;
			buildActionMask = 2147483647;
			files = (
			);
			runOnlyForDeploymentPostprocessing = 0;
		};
		121BCA6C1CAC9F5900C2472A /* Resources */ = {
			isa = PBXResourcesBuildPhase;
			buildActionMask = 2147483647;
			files = (
			);
			runOnlyForDeploymentPostprocessing = 0;
		};
/* End PBXResourcesBuildPhase section */

/* Begin PBXSourcesBuildPhase section */
		121BCA4B1CAC9F5900C2472A /* Sources */ = {
			isa = PBXSourcesBuildPhase;
			buildActionMask = 2147483647;
			files = (
				121BCA551CAC9F5900C2472A /* ViewController.swift in Sources */,
				121BCA531CAC9F5900C2472A /* AppDelegate.swift in Sources */,
			);
			runOnlyForDeploymentPostprocessing = 0;
		};
		121BCA5F1CAC9F5900C2472A /* Sources */ = {
			isa = PBXSourcesBuildPhase;
			buildActionMask = 2147483647;
			files = (
				121BCA681CAC9F5900C2472A /* iPadTests.swift in Sources */,
			);
			runOnlyForDeploymentPostprocessing = 0;
		};
		121BCA6A1CAC9F5900C2472A /* Sources */ = {
			isa = PBXSourcesBuildPhase;
			buildActionMask = 2147483647;
			files = (
				121BCA731CAC9F5900C2472A /* iPadUITests.swift in Sources */,
			);
			runOnlyForDeploymentPostprocessing = 0;
		};
/* End PBXSourcesBuildPhase section */

/* Begin PBXTargetDependency section */
		121BCA651CAC9F5900C2472A /* PBXTargetDependency */ = {
			isa = PBXTargetDependency;
			target = 121BCA4E1CAC9F5900C2472A /* iPad */;
			targetProxy = 121BCA641CAC9F5900C2472A /* PBXContainerItemProxy */;
		};
		121BCA701CAC9F5900C2472A /* PBXTargetDependency */ = {
			isa = PBXTargetDependency;
			target = 121BCA4E1CAC9F5900C2472A /* iPad */;
			targetProxy = 121BCA6F1CAC9F5900C2472A /* PBXContainerItemProxy */;
		};
/* End PBXTargetDependency section */

/* Begin PBXVariantGroup section */
		121BCA561CAC9F5900C2472A /* Main.storyboard */ = {
			isa = PBXVariantGroup;
			children = (
				121BCA571CAC9F5900C2472A /* Base */,
			);
			name = Main.storyboard;
			sourceTree = "<group>";
		};
		121BCA5B1CAC9F5900C2472A /* LaunchScreen.storyboard */ = {
			isa = PBXVariantGroup;
			children = (
				121BCA5C1CAC9F5900C2472A /* Base */,
			);
			name = LaunchScreen.storyboard;
			sourceTree = "<group>";
		};
/* End PBXVariantGroup section */

/* Begin XCBuildConfiguration section */
		121BCA751CAC9F5900C2472A /* Debug */ = {
			isa = XCBuildConfiguration;
			buildSettings = {
				ALWAYS_SEARCH_USER_PATHS = NO;
				CLANG_CXX_LANGUAGE_STANDARD = "gnu++0x";
				CLANG_CXX_LIBRARY = "libc++";
				CLANG_ENABLE_MODULES = YES;
				CLANG_ENABLE_OBJC_ARC = YES;
				CLANG_WARN_BOOL_CONVERSION = YES;
				CLANG_WARN_CONSTANT_CONVERSION = YES;
				CLANG_WARN_DIRECT_OBJC_ISA_USAGE = YES_ERROR;
				CLANG_WARN_EMPTY_BODY = YES;
				CLANG_WARN_ENUM_CONVERSION = YES;
				CLANG_WARN_INT_CONVERSION = YES;
				CLANG_WARN_OBJC_ROOT_CLASS = YES_ERROR;
				CLANG_WARN_UNREACHABLE_CODE = YES;
				CLANG_WARN__DUPLICATE_METHOD_MATCH = YES;
				"CODE_SIGN_IDENTITY[sdk=iphoneos*]" = "iPhone Developer";
				COPY_PHASE_STRIP = NO;
				DEBUG_INFORMATION_FORMAT = dwarf;
				ENABLE_STRICT_OBJC_MSGSEND = YES;
				ENABLE_TESTABILITY = YES;
				GCC_C_LANGUAGE_STANDARD = gnu99;
				GCC_DYNAMIC_NO_PIC = NO;
				GCC_NO_COMMON_BLOCKS = YES;
				GCC_OPTIMIZATION_LEVEL = 0;
				GCC_PREPROCESSOR_DEFINITIONS = (
					"DEBUG=1",
					"$(inherited)",
				);
				GCC_WARN_64_TO_32_BIT_CONVERSION = YES;
				GCC_WARN_ABOUT_RETURN_TYPE = YES_ERROR;
				GCC_WARN_UNDECLARED_SELECTOR = YES;
				GCC_WARN_UNINITIALIZED_AUTOS = YES_AGGRESSIVE;
				GCC_WARN_UNUSED_FUNCTION = YES;
				GCC_WARN_UNUSED_VARIABLE = YES;
				IPHONEOS_DEPLOYMENT_TARGET = 9.2;
				MTL_ENABLE_DEBUG_INFO = YES;
				ONLY_ACTIVE_ARCH = YES;
				SDKROOT = iphoneos;
				SWIFT_OPTIMIZATION_LEVEL = "-Onone";
				TARGETED_DEVICE_FAMILY = "1,2";
			};
			name = Debug;
		};
		121BCA761CAC9F5900C2472A /* Release */ = {
			isa = XCBuildConfiguration;
			buildSettings = {
				ALWAYS_SEARCH_USER_PATHS = NO;
				CLANG_CXX_LANGUAGE_STANDARD = "gnu++0x";
				CLANG_CXX_LIBRARY = "libc++";
				CLANG_ENABLE_MODULES = YES;
				CLANG_ENABLE_OBJC_ARC = YES;
				CLANG_WARN_BOOL_CONVERSION = YES;
				CLANG_WARN_CONSTANT_CONVERSION = YES;
				CLANG_WARN_DIRECT_OBJC_ISA_USAGE = YES_ERROR;
				CLANG_WARN_EMPTY_BODY = YES;
				CLANG_WARN_ENUM_CONVERSION = YES;
				CLANG_WARN_INT_CONVERSION = YES;
				CLANG_WARN_OBJC_ROOT_CLASS = YES_ERROR;
				CLANG_WARN_UNREACHABLE_CODE = YES;
				CLANG_WARN__DUPLICATE_METHOD_MATCH = YES;
				"CODE_SIGN_IDENTITY[sdk=iphoneos*]" = "iPhone Developer";
				COPY_PHASE_STRIP = NO;
				DEBUG_INFORMATION_FORMAT = "dwarf-with-dsym";
				ENABLE_NS_ASSERTIONS = NO;
				ENABLE_STRICT_OBJC_MSGSEND = YES;
				GCC_C_LANGUAGE_STANDARD = gnu99;
				GCC_NO_COMMON_BLOCKS = YES;
				GCC_WARN_64_TO_32_BIT_CONVERSION = YES;
				GCC_WARN_ABOUT_RETURN_TYPE = YES_ERROR;
				GCC_WARN_UNDECLARED_SELECTOR = YES;
				GCC_WARN_UNINITIALIZED_AUTOS = YES_AGGRESSIVE;
				GCC_WARN_UNUSED_FUNCTION = YES;
				GCC_WARN_UNUSED_VARIABLE = YES;
				IPHONEOS_DEPLOYMENT_TARGET = 9.2;
				MTL_ENABLE_DEBUG_INFO = NO;
				SDKROOT = iphoneos;
				TARGETED_DEVICE_FAMILY = "1,2";
				VALIDATE_PRODUCT = YES;
			};
			name = Release;
		};
		121BCA781CAC9F5900C2472A /* Debug */ = {
			isa = XCBuildConfiguration;
			buildSettings = {
				ASSETCATALOG_COMPILER_APPICON_NAME = AppIcon;
				INFOPLIST_FILE = iPad/Info.plist;
				LD_RUNPATH_SEARCH_PATHS = "$(inherited) @executable_path/Frameworks";
				PRODUCT_BUNDLE_IDENTIFIER = edu.Nakamura.iPad;
				PRODUCT_NAME = "$(TARGET_NAME)";
			};
			name = Debug;
		};
		121BCA791CAC9F5900C2472A /* Release */ = {
			isa = XCBuildConfiguration;
			buildSettings = {
				ASSETCATALOG_COMPILER_APPICON_NAME = AppIcon;
				INFOPLIST_FILE = iPad/Info.plist;
				LD_RUNPATH_SEARCH_PATHS = "$(inherited) @executable_path/Frameworks";
				PRODUCT_BUNDLE_IDENTIFIER = edu.Nakamura.iPad;
				PRODUCT_NAME = "$(TARGET_NAME)";
			};
			name = Release;
		};
		121BCA7B1CAC9F5900C2472A /* Debug */ = {
			isa = XCBuildConfiguration;
			buildSettings = {
				BUNDLE_LOADER = "$(TEST_HOST)";
				INFOPLIST_FILE = iPadTests/Info.plist;
				LD_RUNPATH_SEARCH_PATHS = "$(inherited) @executable_path/Frameworks @loader_path/Frameworks";
				PRODUCT_BUNDLE_IDENTIFIER = edu.Nakamura.iPadTests;
				PRODUCT_NAME = "$(TARGET_NAME)";
				TEST_HOST = "$(BUILT_PRODUCTS_DIR)/iPad.app/iPad";
			};
			name = Debug;
		};
		121BCA7C1CAC9F5900C2472A /* Release */ = {
			isa = XCBuildConfiguration;
			buildSettings = {
				BUNDLE_LOADER = "$(TEST_HOST)";
				INFOPLIST_FILE = iPadTests/Info.plist;
				LD_RUNPATH_SEARCH_PATHS = "$(inherited) @executable_path/Frameworks @loader_path/Frameworks";
				PRODUCT_BUNDLE_IDENTIFIER = edu.Nakamura.iPadTests;
				PRODUCT_NAME = "$(TARGET_NAME)";
				TEST_HOST = "$(BUILT_PRODUCTS_DIR)/iPad.app/iPad";
			};
			name = Release;
		};
		121BCA7E1CAC9F5900C2472A /* Debug */ = {
			isa = XCBuildConfiguration;
			buildSettings = {
				INFOPLIST_FILE = iPadUITests/Info.plist;
				LD_RUNPATH_SEARCH_PATHS = "$(inherited) @executable_path/Frameworks @loader_path/Frameworks";
				PRODUCT_BUNDLE_IDENTIFIER = edu.Nakamura.iPadUITests;
				PRODUCT_NAME = "$(TARGET_NAME)";
				TEST_TARGET_NAME = iPad;
				USES_XCTRUNNER = YES;
			};
			name = Debug;
		};
		121BCA7F1CAC9F5900C2472A /* Release */ = {
			isa = XCBuildConfiguration;
			buildSettings = {
				INFOPLIST_FILE = iPadUITests/Info.plist;
				LD_RUNPATH_SEARCH_PATHS = "$(inherited) @executable_path/Frameworks @loader_path/Frameworks";
				PRODUCT_BUNDLE_IDENTIFIER = edu.Nakamura.iPadUITests;
				PRODUCT_NAME = "$(TARGET_NAME)";
				TEST_TARGET_NAME = iPad;
				USES_XCTRUNNER = YES;
			};
			name = Release;
		};
/* End XCBuildConfiguration section */

/* Begin XCConfigurationList section */
		121BCA4A1CAC9F5800C2472A /* Build configuration list for PBXProject "iPad" */ = {
			isa = XCConfigurationList;
			buildConfigurations = (
				121BCA751CAC9F5900C2472A /* Debug */,
				121BCA761CAC9F5900C2472A /* Release */,
			);
			defaultConfigurationIsVisible = 0;
			defaultConfigurationName = Release;
		};
		121BCA771CAC9F5900C2472A /* Build configuration list for PBXNativeTarget "iPad" */ = {
			isa = XCConfigurationList;
			buildConfigurations = (
				121BCA781CAC9F5900C2472A /* Debug */,
				121BCA791CAC9F5900C2472A /* Release */,
			);
			defaultConfigurationIsVisible = 0;
		};
		121BCA7A1CAC9F5900C2472A /* Build configuration list for PBXNativeTarget "iPadTests" */ = {
			isa = XCConfigurationList;
			buildConfigurations = (
				121BCA7B1CAC9F5900C2472A /* Debug */,
				121BCA7C1CAC9F5900C2472A /* Release */,
			);
			defaultConfigurationIsVisible = 0;
		};
		121BCA7D1CAC9F5900C2472A /* Build configuration list for PBXNativeTarget "iPadUITests" */ = {
			isa = XCConfigurationList;
			buildConfigurations = (
				121BCA7E1CAC9F5900C2472A /* Debug */,
				121BCA7F1CAC9F5900C2472A /* Release */,
			);
			defaultConfigurationIsVisible = 0;
		};
/* End XCConfigurationList section */
	};
	rootObject = 121BCA471CAC9F5800C2472A /* Project object */;
}
